Microsoft Visual Studio Solution File, Format Version 13.00
# Visual Studio 2013
Project("{8BC9CEB8-8B4A-11D0-8D11-00A0C91BC942}") = "leveldb", "leveldb.vcxproj", "{A0A403AF-C2FC-8793-1738-60D5012D0FEC}"
EndProject
Project("{8BC9CEB8-8B4A-11D0-8D11-00A0C91BC942}") = "snappy", "..\snappy\snappy.vcxproj", "{79FBD4F8-3F5A-9AFF-21DD-8A0D2262CA2F}"
EndProject
Global
	GlobalSection(SolutionConfigurationPlatforms) = preSolution
		Debug|x64 = Debug|x64
		Release|x64 = Release|x64
	EndGlobalSection
	GlobalSection(ProjectConfigurationPlatforms) = postSolution
		{79FBD4F8-3F5A-9AFF-21DD-8A0D2262CA2F}.Debug|x64.ActiveCfg = Debug|x64
		{79FBD4F8-3F5A-9AFF-21DD-8A0D2262CA2F}.Debug|x64.Build.0 = Debug|x64
		{79FBD4F8-3F5A-9AFF-21DD-8A0D2262CA2F}.Release|x64.ActiveCfg = Release|x64
		{79FBD4F8-3F5A-9AFF-21DD-8A0D2262CA2F}.Release|x64.Build.0 = Release|x64
		{A0A403AF-C2FC-8793-1738-60D5012D0FEC}.Debug|x64.ActiveCfg = Debug|x64
		{A0A403AF-C2FC-8793-1738-60D5012D0FEC}.Debug|x64.Build.0 = Debug|x64
		{A0A403AF-C2FC-8793-1738-60D5012D0FEC}.Release|x64.ActiveCfg = Release|x64
		{A0A403AF-C2FC-8793-1738-60D5012D0FEC}.Release|x64.Build.0 = Release|x64
	EndGlobalSection
	GlobalSection(SolutionProperties) = preSolution
		HideSolutionNode = FALSE
	EndGlobalSection
EndGlobal
